
Microsoft Visual Studio Solution File, Format Version 12.00
# Visual Studio Version 16
VisualStudioVersion = 16.0.31911.196
MinimumVisualStudioVersion = 10.0.40219.1
Project("{FAE04EC0-301F-11D3-BF4B-00C04F79EFBC}") = "SR22-2020-POP2021", "SR22-2020-POP2021.csproj", "{B9456C72-BB4B-493E-930F-1F06C76A69D8}"
EndProject
Global
	GlobalSection(SolutionConfigurationPlatforms) = preSolution
		Debug|Any CPU = Debug|Any CPU
		Release|Any CPU = Release|Any CPU
	EndGlobalSection
	GlobalSection(ProjectConfigurationPlatforms) = postSolution
		{B9456C72-BB4B-493E-930F-1F06C76A69D8}.Debug|Any CPU.ActiveCfg = Debug|Any CPU
		{B9456C72-BB4B-493E-930F-1F06C76A69D8}.Debug|Any CPU.Build.0 = Debug|Any CPU
		{B9456C72-BB4B-493E-930F-1F06C76A69D8}.Release|Any CPU.ActiveCfg = Release|Any CPU
		{B9456C72-BB4B-493E-930F-1F06C76A69D8}.Release|Any CPU.Build.0 = Release|Any CPU
	EndGlobalSection
	GlobalSection(SolutionProperties) = preSolution
		HideSolutionNode = FALSE
	EndGlobalSection
	GlobalSection(ExtensibilityGlobals) = postSolution
		SolutionGuid = {4AC94158-509E-48E3-B990-CA40765A5634}
	EndGlobalSection
EndGlobal
